
Microsoft Visual Studio Solution File, Format Version 12.00
# Visual Studio Version 17
VisualStudioVersion = 17.3.32519.111
MinimumVisualStudioVersion = 10.0.40219.1
Project("{FAE04EC0-301F-11D3-BF4B-00C04F79EFBC}") = "WPF_Calculator", "WPF_Calculator\WPF_Calculator.csproj", "{4EA76E9E-B15F-4C04-8E3B-DB3086EA8862}"
EndProject
Global
	GlobalSection(SolutionConfigurationPlatforms) = preSolution
		Debug|Any CPU = Debug|Any CPU
		Release|Any CPU = Release|Any CPU
	EndGlobalSection
	GlobalSection(ProjectConfigurationPlatforms) = postSolution
		{4EA76E9E-B15F-4C04-8E3B-DB3086EA8862}.Debug|Any CPU.ActiveCfg = Debug|Any CPU
		{4EA76E9E-B15F-4C04-8E3B-DB3086EA8862}.Debug|Any CPU.Build.0 = Debug|Any CPU
		{4EA76E9E-B15F-4C04-8E3B-DB3086EA8862}.Release|Any CPU.ActiveCfg = Release|Any CPU
		{4EA76E9E-B15F-4C04-8E3B-DB3086EA8862}.Release|Any CPU.Build.0 = Release|Any CPU
	EndGlobalSection
	GlobalSection(SolutionProperties) = preSolution
		HideSolutionNode = FALSE
	EndGlobalSection
	GlobalSection(ExtensibilityGlobals) = postSolution
		SolutionGuid = {F5E25FEF-8B15-4CB9-AA36-3BE77F68AAD0}
	EndGlobalSection
EndGlobal
